// !$*UTF8*$!
{
	archiveVersion = 1;
	classes = {
	};
	objectVersion = 51;
	objects = {

/* Begin PBXBuildFile section */
		6292B35806834A1E6DACD61F /* Pods_VK_App.framework in Frameworks */ = {isa = PBXBuildFile; fileRef = BF941398ECC6A5311E9AC419 /* Pods_VK_App.framework */; };
		A6203B0224896F970032CD32 /* CustomPushAnimator.swift in Sources */ = {isa = PBXBuildFile; fileRef = A6203B0124896F970032CD32 /* CustomPushAnimator.swift */; };
		A63505E5246DB7DC007627B7 /* FriendTableViewCell.swift in Sources */ = {isa = PBXBuildFile; fileRef = A63505E4246DB7DC007627B7 /* FriendTableViewCell.swift */; };
		A63505E7246DBEF2007627B7 /* FriendsTableViewController.swift in Sources */ = {isa = PBXBuildFile; fileRef = A63505E6246DBEF2007627B7 /* FriendsTableViewController.swift */; };
		A63505EB246DC206007627B7 /* User.swift in Sources */ = {isa = PBXBuildFile; fileRef = A63505EA246DC206007627B7 /* User.swift */; };
		A63505ED246DC219007627B7 /* Group.swift in Sources */ = {isa = PBXBuildFile; fileRef = A63505EC246DC219007627B7 /* Group.swift */; };
		A63505F0246DCD9C007627B7 /* GroupsTableViewController.swift in Sources */ = {isa = PBXBuildFile; fileRef = A63505EF246DCD9C007627B7 /* GroupsTableViewController.swift */; };
		A63505F2246DCDB9007627B7 /* GroupTableViewCell.swift in Sources */ = {isa = PBXBuildFile; fileRef = A63505F1246DCDB9007627B7 /* GroupTableViewCell.swift */; };
		A63505F4246DD379007627B7 /* PhotoCollectionViewCell.swift in Sources */ = {isa = PBXBuildFile; fileRef = A63505F3246DD379007627B7 /* PhotoCollectionViewCell.swift */; };
		A63505F6246DD3AD007627B7 /* FriendsPhotosCollectionViewController.swift in Sources */ = {isa = PBXBuildFile; fileRef = A63505F5246DD3AD007627B7 /* FriendsPhotosCollectionViewController.swift */; };
		A63505F8246DE7FD007627B7 /* AllGroupsTableViewController.swift in Sources */ = {isa = PBXBuildFile; fileRef = A63505F7246DE7FD007627B7 /* AllGroupsTableViewController.swift */; };
		A63505FA246DEF20007627B7 /* AllGroupsTableViewCell.swift in Sources */ = {isa = PBXBuildFile; fileRef = A63505F9246DEF20007627B7 /* AllGroupsTableViewCell.swift */; };
		A63890CA2471BF7F00A15786 /* ILikeIt.swift in Sources */ = {isa = PBXBuildFile; fileRef = A63890C92471BF7F00A15786 /* ILikeIt.swift */; };
		A646E7EF2457435C00FBA383 /* AppDelegate.swift in Sources */ = {isa = PBXBuildFile; fileRef = A646E7EE2457435C00FBA383 /* AppDelegate.swift */; };
		A646E7F12457435C00FBA383 /* SceneDelegate.swift in Sources */ = {isa = PBXBuildFile; fileRef = A646E7F02457435C00FBA383 /* SceneDelegate.swift */; };
		A646E7F62457435C00FBA383 /* Main.storyboard in Resources */ = {isa = PBXBuildFile; fileRef = A646E7F42457435C00FBA383 /* Main.storyboard */; };
		A646E7F82457435D00FBA383 /* Assets.xcassets in Resources */ = {isa = PBXBuildFile; fileRef = A646E7F72457435D00FBA383 /* Assets.xcassets */; };
		A646E7FB2457435D00FBA383 /* LaunchScreen.storyboard in Resources */ = {isa = PBXBuildFile; fileRef = A646E7F92457435D00FBA383 /* LaunchScreen.storyboard */; };
		A654941A247AAA7B00A30E5C /* NewsTableViewCell.swift in Sources */ = {isa = PBXBuildFile; fileRef = A6549418247AAA7B00A30E5C /* NewsTableViewCell.swift */; };
		A654941D247AAD2000A30E5C /* NewsPhotoLayout.swift in Sources */ = {isa = PBXBuildFile; fileRef = A654941C247AAD2000A30E5C /* NewsPhotoLayout.swift */; };
		A6549425247AB5DF00A30E5C /* NewsViewController.swift in Sources */ = {isa = PBXBuildFile; fileRef = A6549424247AB5DF00A30E5C /* NewsViewController.swift */; };
		A6549427247AB89F00A30E5C /* News.swift in Sources */ = {isa = PBXBuildFile; fileRef = A6549426247AB89F00A30E5C /* News.swift */; };
		A680D0F42471A26A001653B0 /* AvatarUIView.swift in Sources */ = {isa = PBXBuildFile; fileRef = A680D0F32471A26A001653B0 /* AvatarUIView.swift */; };
		A68CC616249A9F71000C5418 /* VKAPI.swift in Sources */ = {isa = PBXBuildFile; fileRef = A68CC615249A9F71000C5418 /* VKAPI.swift */; };
		A6A0973E2457441600024D1F /* LoginViewController.swift in Sources */ = {isa = PBXBuildFile; fileRef = A6A0973D2457441600024D1F /* LoginViewController.swift */; };
		A6BDB0922483C4F0002948FB /* FullSizePhotoViewController.swift in Sources */ = {isa = PBXBuildFile; fileRef = A6BDB0912483C4F0002948FB /* FullSizePhotoViewController.swift */; };
		A6CA0024249BE64100111E4C /* WebLoginViewController.swift in Sources */ = {isa = PBXBuildFile; fileRef = A6CA0023249BE64100111E4C /* WebLoginViewController.swift */; };
		A6CA0026249BEB3A00111E4C /* WebKit.framework in Frameworks */ = {isa = PBXBuildFile; fileRef = A6CA0025249BEB3A00111E4C /* WebKit.framework */; };
		A6E480CC2497E8D6006FDAAD /* SessionClass.swift in Sources */ = {isa = PBXBuildFile; fileRef = A6E480CB2497E8D6006FDAAD /* SessionClass.swift */; };
		A6FFDFF2248567D100F89386 /* VKStartViewController.swift in Sources */ = {isa = PBXBuildFile; fileRef = A6FFDFF1248567D100F89386 /* VKStartViewController.swift */; };
		A6FFDFF42485681F00F89386 /* VKLogoView.swift in Sources */ = {isa = PBXBuildFile; fileRef = A6FFDFF32485681F00F89386 /* VKLogoView.swift */; };
/* End PBXBuildFile section */

/* Begin PBXFileReference section */
		70FA6CB91F786235ABF41E44 /* Pods-VK_App.debug.xcconfig */ = {isa = PBXFileReference; includeInIndex = 1; lastKnownFileType = text.xcconfig; name = "Pods-VK_App.debug.xcconfig"; path = "Target Support Files/Pods-VK_App/Pods-VK_App.debug.xcconfig"; sourceTree = "<group>"; };
		86D2C6743D14E5639DB0E516 /* Pods-VK_App.release.xcconfig */ = {isa = PBXFileReference; includeInIndex = 1; lastKnownFileType = text.xcconfig; name = "Pods-VK_App.release.xcconfig"; path = "Target Support Files/Pods-VK_App/Pods-VK_App.release.xcconfig"; sourceTree = "<group>"; };
		A6203B0124896F970032CD32 /* CustomPushAnimator.swift */ = {isa = PBXFileReference; lastKnownFileType = sourcecode.swift; path = CustomPushAnimator.swift; sourceTree = "<group>"; };
		A63505E4246DB7DC007627B7 /* FriendTableViewCell.swift */ = {isa = PBXFileReference; lastKnownFileType = sourcecode.swift; path = FriendTableViewCell.swift; sourceTree = "<group>"; };
		A63505E6246DBEF2007627B7 /* FriendsTableViewController.swift */ = {isa = PBXFileReference; lastKnownFileType = sourcecode.swift; path = FriendsTableViewController.swift; sourceTree = "<group>"; };
		A63505EA246DC206007627B7 /* User.swift */ = {isa = PBXFileReference; lastKnownFileType = sourcecode.swift; path = User.swift; sourceTree = "<group>"; };
		A63505EC246DC219007627B7 /* Group.swift */ = {isa = PBXFileReference; lastKnownFileType = sourcecode.swift; path = Group.swift; sourceTree = "<group>"; };
		A63505EF246DCD9C007627B7 /* GroupsTableViewController.swift */ = {isa = PBXFileReference; lastKnownFileType = sourcecode.swift; path = GroupsTableViewController.swift; sourceTree = "<group>"; };
		A63505F1246DCDB9007627B7 /* GroupTableViewCell.swift */ = {isa = PBXFileReference; lastKnownFileType = sourcecode.swift; path = GroupTableViewCell.swift; sourceTree = "<group>"; };
		A63505F3246DD379007627B7 /* PhotoCollectionViewCell.swift */ = {isa = PBXFileReference; lastKnownFileType = sourcecode.swift; path = PhotoCollectionViewCell.swift; sourceTree = "<group>"; };
		A63505F5246DD3AD007627B7 /* FriendsPhotosCollectionViewController.swift */ = {isa = PBXFileReference; lastKnownFileType = sourcecode.swift; path = FriendsPhotosCollectionViewController.swift; sourceTree = "<group>"; };
		A63505F7246DE7FD007627B7 /* AllGroupsTableViewController.swift */ = {isa = PBXFileReference; lastKnownFileType = sourcecode.swift; path = AllGroupsTableViewController.swift; sourceTree = "<group>"; };
		A63505F9246DEF20007627B7 /* AllGroupsTableViewCell.swift */ = {isa = PBXFileReference; lastKnownFileType = sourcecode.swift; path = AllGroupsTableViewCell.swift; sourceTree = "<group>"; };
		A63890C92471BF7F00A15786 /* ILikeIt.swift */ = {isa = PBXFileReference; lastKnownFileType = sourcecode.swift; path = ILikeIt.swift; sourceTree = "<group>"; };
		A646E7EB2457435C00FBA383 /* VK_App.app */ = {isa = PBXFileReference; explicitFileType = wrapper.application; includeInIndex = 0; path = VK_App.app; sourceTree = BUILT_PRODUCTS_DIR; };
		A646E7EE2457435C00FBA383 /* AppDelegate.swift */ = {isa = PBXFileReference; lastKnownFileType = sourcecode.swift; path = AppDelegate.swift; sourceTree = "<group>"; };
		A646E7F02457435C00FBA383 /* SceneDelegate.swift */ = {isa = PBXFileReference; lastKnownFileType = sourcecode.swift; path = SceneDelegate.swift; sourceTree = "<group>"; };
		A646E7F52457435C00FBA383 /* Base */ = {isa = PBXFileReference; lastKnownFileType = file.storyboard; name = Base; path = Base.lproj/Main.storyboard; sourceTree = "<group>"; };
		A646E7F72457435D00FBA383 /* Assets.xcassets */ = {isa = PBXFileReference; lastKnownFileType = folder.assetcatalog; path = Assets.xcassets; sourceTree = "<group>"; };
		A646E7FA2457435D00FBA383 /* Base */ = {isa = PBXFileReference; lastKnownFileType = file.storyboard; name = Base; path = Base.lproj/LaunchScreen.storyboard; sourceTree = "<group>"; };
		A646E7FC2457435E00FBA383 /* Info.plist */ = {isa = PBXFileReference; lastKnownFileType = text.plist.xml; path = Info.plist; sourceTree = "<group>"; };
		A6549418247AAA7B00A30E5C /* NewsTableViewCell.swift */ = {isa = PBXFileReference; lastKnownFileType = sourcecode.swift; path = NewsTableViewCell.swift; sourceTree = "<group>"; };
		A654941C247AAD2000A30E5C /* NewsPhotoLayout.swift */ = {isa = PBXFileReference; lastKnownFileType = sourcecode.swift; path = NewsPhotoLayout.swift; sourceTree = "<group>"; };
		A6549424247AB5DF00A30E5C /* NewsViewController.swift */ = {isa = PBXFileReference; lastKnownFileType = sourcecode.swift; path = NewsViewController.swift; sourceTree = "<group>"; };
		A6549426247AB89F00A30E5C /* News.swift */ = {isa = PBXFileReference; lastKnownFileType = sourcecode.swift; path = News.swift; sourceTree = "<group>"; };
		A680D0F32471A26A001653B0 /* AvatarUIView.swift */ = {isa = PBXFileReference; lastKnownFileType = sourcecode.swift; path = AvatarUIView.swift; sourceTree = "<group>"; };
		A68CC615249A9F71000C5418 /* VKAPI.swift */ = {isa = PBXFileReference; lastKnownFileType = sourcecode.swift; path = VKAPI.swift; sourceTree = "<group>"; };
		A6A0973D2457441600024D1F /* LoginViewController.swift */ = {isa = PBXFileReference; lastKnownFileType = sourcecode.swift; path = LoginViewController.swift; sourceTree = "<group>"; };
		A6BDB0912483C4F0002948FB /* FullSizePhotoViewController.swift */ = {isa = PBXFileReference; lastKnownFileType = sourcecode.swift; path = FullSizePhotoViewController.swift; sourceTree = "<group>"; };
		A6CA0023249BE64100111E4C /* WebLoginViewController.swift */ = {isa = PBXFileReference; lastKnownFileType = sourcecode.swift; path = WebLoginViewController.swift; sourceTree = "<group>"; };
		A6CA0025249BEB3A00111E4C /* WebKit.framework */ = {isa = PBXFileReference; lastKnownFileType = wrapper.framework; name = WebKit.framework; path = System/Library/Frameworks/WebKit.framework; sourceTree = SDKROOT; };
		A6E480CB2497E8D6006FDAAD /* SessionClass.swift */ = {isa = PBXFileReference; lastKnownFileType = sourcecode.swift; path = SessionClass.swift; sourceTree = "<group>"; };
		A6FFDFF1248567D100F89386 /* VKStartViewController.swift */ = {isa = PBXFileReference; lastKnownFileType = sourcecode.swift; path = VKStartViewController.swift; sourceTree = "<group>"; };
		A6FFDFF32485681F00F89386 /* VKLogoView.swift */ = {isa = PBXFileReference; lastKnownFileType = sourcecode.swift; path = VKLogoView.swift; sourceTree = "<group>"; };
		BF941398ECC6A5311E9AC419 /* Pods_VK_App.framework */ = {isa = PBXFileReference; explicitFileType = wrapper.framework; includeInIndex = 0; path = Pods_VK_App.framework; sourceTree = BUILT_PRODUCTS_DIR; };
/* End PBXFileReference section */

/* Begin PBXFrameworksBuildPhase section */
		A646E7E82457435C00FBA383 /* Frameworks */ = {
			isa = PBXFrameworksBuildPhase;
			buildActionMask = 2147483647;
			files = (
				A6CA0026249BEB3A00111E4C /* WebKit.framework in Frameworks */,
				6292B35806834A1E6DACD61F /* Pods_VK_App.framework in Frameworks */,
			);
			runOnlyForDeploymentPostprocessing = 0;
		};
/* End PBXFrameworksBuildPhase section */

/* Begin PBXGroup section */
		6E587CF9CAB74DE3618F0D21 /* Pods */ = {
			isa = PBXGroup;
			children = (
				70FA6CB91F786235ABF41E44 /* Pods-VK_App.debug.xcconfig */,
				86D2C6743D14E5639DB0E516 /* Pods-VK_App.release.xcconfig */,
			);
			path = Pods;
			sourceTree = "<group>";
		};
		A2F96B274C8895368E5A91DC /* Frameworks */ = {
			isa = PBXGroup;
			children = (
				A6CA0025249BEB3A00111E4C /* WebKit.framework */,
				BF941398ECC6A5311E9AC419 /* Pods_VK_App.framework */,
			);
			name = Frameworks;
			sourceTree = "<group>";
		};
		A63505E8246DBF01007627B7 /* Friends */ = {
			isa = PBXGroup;
			children = (
				A63505E4246DB7DC007627B7 /* FriendTableViewCell.swift */,
				A63505E6246DBEF2007627B7 /* FriendsTableViewController.swift */,
				A63505F3246DD379007627B7 /* PhotoCollectionViewCell.swift */,
				A63505F5246DD3AD007627B7 /* FriendsPhotosCollectionViewController.swift */,
				A6BDB0912483C4F0002948FB /* FullSizePhotoViewController.swift */,
				A680D0F32471A26A001653B0 /* AvatarUIView.swift */,
				A63890C92471BF7F00A15786 /* ILikeIt.swift */,
			);
			path = Friends;
			sourceTree = "<group>";
		};
		A63505E9246DC0AC007627B7 /* Model */ = {
			isa = PBXGroup;
			children = (
				A63505EA246DC206007627B7 /* User.swift */,
				A63505EC246DC219007627B7 /* Group.swift */,
				A6549426247AB89F00A30E5C /* News.swift */,
			);
			path = Model;
			sourceTree = "<group>";
		};
		A63505EE246DCD7C007627B7 /* Groups */ = {
			isa = PBXGroup;
			children = (
				A63505EF246DCD9C007627B7 /* GroupsTableViewController.swift */,
				A63505F1246DCDB9007627B7 /* GroupTableViewCell.swift */,
				A63505F7246DE7FD007627B7 /* AllGroupsTableViewController.swift */,
				A63505F9246DEF20007627B7 /* AllGroupsTableViewCell.swift */,
			);
			path = Groups;
			sourceTree = "<group>";
		};
		A646E7E22457435B00FBA383 = {
			isa = PBXGroup;
			children = (
				A646E7ED2457435C00FBA383 /* VK_App */,
				A646E7EC2457435C00FBA383 /* Products */,
				6E587CF9CAB74DE3618F0D21 /* Pods */,
				A2F96B274C8895368E5A91DC /* Frameworks */,
			);
			sourceTree = "<group>";
		};
		A646E7EC2457435C00FBA383 /* Products */ = {
			isa = PBXGroup;
			children = (
				A646E7EB2457435C00FBA383 /* VK_App.app */,
			);
			name = Products;
			sourceTree = "<group>";
		};
		A646E7ED2457435C00FBA383 /* VK_App */ = {
			isa = PBXGroup;
			children = (
				A6549417247AAA2900A30E5C /* News */,
				A63505E9246DC0AC007627B7 /* Model */,
				A63505E8246DBF01007627B7 /* Friends */,
				A63505EE246DCD7C007627B7 /* Groups */,
				A646E7F42457435C00FBA383 /* Main.storyboard */,
				A6CA0023249BE64100111E4C /* WebLoginViewController.swift */,
				A68CC615249A9F71000C5418 /* VKAPI.swift */,
				A6FFDFF1248567D100F89386 /* VKStartViewController.swift */,
				A6FFDFF32485681F00F89386 /* VKLogoView.swift */,
				A646E7F92457435D00FBA383 /* LaunchScreen.storyboard */,
				A6A0973D2457441600024D1F /* LoginViewController.swift */,
				A646E7EE2457435C00FBA383 /* AppDelegate.swift */,
				A646E7F02457435C00FBA383 /* SceneDelegate.swift */,
				A646E7F72457435D00FBA383 /* Assets.xcassets */,
				A646E7FC2457435E00FBA383 /* Info.plist */,
				A6203B0124896F970032CD32 /* CustomPushAnimator.swift */,
				A6E480CB2497E8D6006FDAAD /* SessionClass.swift */,
			);
			path = VK_App;
			sourceTree = "<group>";
		};
		A6549417247AAA2900A30E5C /* News */ = {
			isa = PBXGroup;
			children = (
				A6549418247AAA7B00A30E5C /* NewsTableViewCell.swift */,
				A654941C247AAD2000A30E5C /* NewsPhotoLayout.swift */,
				A6549424247AB5DF00A30E5C /* NewsViewController.swift */,
			);
			path = News;
			sourceTree = "<group>";
		};
/* End PBXGroup section */

/* Begin PBXNativeTarget section */
		A646E7EA2457435C00FBA383 /* VK_App */ = {
			isa = PBXNativeTarget;
			buildConfigurationList = A646E7FF2457435E00FBA383 /* Build configuration list for PBXNativeTarget "VK_App" */;
			buildPhases = (
				E280BAD1A6A27AC9E1008445 /* [CP] Check Pods Manifest.lock */,
				A646E7E72457435C00FBA383 /* Sources */,
				A646E7E82457435C00FBA383 /* Frameworks */,
				A646E7E92457435C00FBA383 /* Resources */,
				6681EA3C57C9FF8FF13562C2 /* [CP] Embed Pods Frameworks */,
			);
			buildRules = (
			);
			dependencies = (
			);
			name = VK_App;
			productName = VK_App;
			productReference = A646E7EB2457435C00FBA383 /* VK_App.app */;
			productType = "com.apple.product-type.application";
		};
/* End PBXNativeTarget section */

/* Begin PBXProject section */
		A646E7E32457435B00FBA383 /* Project object */ = {
			isa = PBXProject;
			attributes = {
				LastSwiftUpdateCheck = 1140;
				LastUpgradeCheck = 1140;
				ORGANIZATIONNAME = "Nikolay Zhukov";
				TargetAttributes = {
					A646E7EA2457435C00FBA383 = {
						CreatedOnToolsVersion = 11.4;
					};
				};
			};
			buildConfigurationList = A646E7E62457435C00FBA383 /* Build configuration list for PBXProject "VK_App" */;
			compatibilityVersion = "Xcode 9.3";
			developmentRegion = en;
			hasScannedForEncodings = 0;
			knownRegions = (
				en,
				Base,
			);
			mainGroup = A646E7E22457435B00FBA383;
			productRefGroup = A646E7EC2457435C00FBA383 /* Products */;
			projectDirPath = "";
			projectRoot = "";
			targets = (
				A646E7EA2457435C00FBA383 /* VK_App */,
			);
		};
/* End PBXProject section */

/* Begin PBXResourcesBuildPhase section */
		A646E7E92457435C00FBA383 /* Resources */ = {
			isa = PBXResourcesBuildPhase;
			buildActionMask = 2147483647;
			files = (
				A646E7FB2457435D00FBA383 /* LaunchScreen.storyboard in Resources */,
				A646E7F82457435D00FBA383 /* Assets.xcassets in Resources */,
				A646E7F62457435C00FBA383 /* Main.storyboard in Resources */,
			);
			runOnlyForDeploymentPostprocessing = 0;
		};
/* End PBXResourcesBuildPhase section */

/* Begin PBXShellScriptBuildPhase section */
		6681EA3C57C9FF8FF13562C2 /* [CP] Embed Pods Frameworks */ = {
			isa = PBXShellScriptBuildPhase;
			buildActionMask = 2147483647;
			files = (
			);
			inputFileListPaths = (
				"${PODS_ROOT}/Target Support Files/Pods-VK_App/Pods-VK_App-frameworks-${CONFIGURATION}-input-files.xcfilelist",
			);
			name = "[CP] Embed Pods Frameworks";
			outputFileListPaths = (
				"${PODS_ROOT}/Target Support Files/Pods-VK_App/Pods-VK_App-frameworks-${CONFIGURATION}-output-files.xcfilelist",
			);
			runOnlyForDeploymentPostprocessing = 0;
			shellPath = /bin/sh;
			shellScript = "\"${PODS_ROOT}/Target Support Files/Pods-VK_App/Pods-VK_App-frameworks.sh\"\n";
			showEnvVarsInLog = 0;
		};
		E280BAD1A6A27AC9E1008445 /* [CP] Check Pods Manifest.lock */ = {
			isa = PBXShellScriptBuildPhase;
			buildActionMask = 2147483647;
			files = (
			);
			inputFileListPaths = (
			);
			inputPaths = (
				"${PODS_PODFILE_DIR_PATH}/Podfile.lock",
				"${PODS_ROOT}/Manifest.lock",
			);
			name = "[CP] Check Pods Manifest.lock";
			outputFileListPaths = (
			);
			outputPaths = (
				"$(DERIVED_FILE_DIR)/Pods-VK_App-checkManifestLockResult.txt",
			);
			runOnlyForDeploymentPostprocessing = 0;
			shellPath = /bin/sh;
			shellScript = "diff \"${PODS_PODFILE_DIR_PATH}/Podfile.lock\" \"${PODS_ROOT}/Manifest.lock\" > /dev/null\nif [ $? != 0 ] ; then\n    # print error to STDERR\n    echo \"error: The sandbox is not in sync with the Podfile.lock. Run 'pod install' or update your CocoaPods installation.\" >&2\n    exit 1\nfi\n# This output is used by Xcode 'outputs' to avoid re-running this script phase.\necho \"SUCCESS\" > \"${SCRIPT_OUTPUT_FILE_0}\"\n";
			showEnvVarsInLog = 0;
		};
/* End PBXShellScriptBuildPhase section */

/* Begin PBXSourcesBuildPhase section */
		A646E7E72457435C00FBA383 /* Sources */ = {
			isa = PBXSourcesBuildPhase;
			buildActionMask = 2147483647;
			files = (
				A63505F6246DD3AD007627B7 /* FriendsPhotosCollectionViewController.swift in Sources */,
				A68CC616249A9F71000C5418 /* VKAPI.swift in Sources */,
				A63505F2246DCDB9007627B7 /* GroupTableViewCell.swift in Sources */,
				A6CA0024249BE64100111E4C /* WebLoginViewController.swift in Sources */,
				A654941A247AAA7B00A30E5C /* NewsTableViewCell.swift in Sources */,
				A63890CA2471BF7F00A15786 /* ILikeIt.swift in Sources */,
				A63505F4246DD379007627B7 /* PhotoCollectionViewCell.swift in Sources */,
				A63505ED246DC219007627B7 /* Group.swift in Sources */,
				A6549427247AB89F00A30E5C /* News.swift in Sources */,
				A6E480CC2497E8D6006FDAAD /* SessionClass.swift in Sources */,
				A63505F0246DCD9C007627B7 /* GroupsTableViewController.swift in Sources */,
				A6FFDFF42485681F00F89386 /* VKLogoView.swift in Sources */,
				A63505F8246DE7FD007627B7 /* AllGroupsTableViewController.swift in Sources */,
				A6A0973E2457441600024D1F /* LoginViewController.swift in Sources */,
				A646E7EF2457435C00FBA383 /* AppDelegate.swift in Sources */,
				A63505EB246DC206007627B7 /* User.swift in Sources */,
				A654941D247AAD2000A30E5C /* NewsPhotoLayout.swift in Sources */,
				A6FFDFF2248567D100F89386 /* VKStartViewController.swift in Sources */,
				A646E7F12457435C00FBA383 /* SceneDelegate.swift in Sources */,
				A63505FA246DEF20007627B7 /* AllGroupsTableViewCell.swift in Sources */,
				A680D0F42471A26A001653B0 /* AvatarUIView.swift in Sources */,
				A6549425247AB5DF00A30E5C /* NewsViewController.swift in Sources */,
				A6BDB0922483C4F0002948FB /* FullSizePhotoViewController.swift in Sources */,
				A63505E5246DB7DC007627B7 /* FriendTableViewCell.swift in Sources */,
				A63505E7246DBEF2007627B7 /* FriendsTableViewController.swift in Sources */,
				A6203B0224896F970032CD32 /* CustomPushAnimator.swift in Sources */,
			);
			runOnlyForDeploymentPostprocessing = 0;
		};
/* End PBXSourcesBuildPhase section */

/* Begin PBXVariantGroup section */
		A646E7F42457435C00FBA383 /* Main.storyboard */ = {
			isa = PBXVariantGroup;
			children = (
				A646E7F52457435C00FBA383 /* Base */,
			);
			name = Main.storyboard;
			sourceTree = "<group>";
		};
		A646E7F92457435D00FBA383 /* LaunchScreen.storyboard */ = {
			isa = PBXVariantGroup;
			children = (
				A646E7FA2457435D00FBA383 /* Base */,
			);
			name = LaunchScreen.storyboard;
			sourceTree = "<group>";
		};
/* End PBXVariantGroup section */

/* Begin XCBuildConfiguration section */
		A646E7FD2457435E00FBA383 /* Debug */ = {
			isa = XCBuildConfiguration;
			buildSettings = {
				ALWAYS_SEARCH_USER_PATHS = NO;
				CLANG_ANALYZER_NONNULL = YES;
				CLANG_ANALYZER_NUMBER_OBJECT_CONVERSION = YES_AGGRESSIVE;
				CLANG_CXX_LANGUAGE_STANDARD = "gnu++14";
				CLANG_CXX_LIBRARY = "libc++";
				CLANG_ENABLE_MODULES = YES;
				CLANG_ENABLE_OBJC_ARC = YES;
				CLANG_ENABLE_OBJC_WEAK = YES;
				CLANG_WARN_BLOCK_CAPTURE_AUTORELEASING = YES;
				CLANG_WARN_BOOL_CONVERSION = YES;
				CLANG_WARN_COMMA = YES;
				CLANG_WARN_CONSTANT_CONVERSION = YES;
				CLANG_WARN_DEPRECATED_OBJC_IMPLEMENTATIONS = YES;
				CLANG_WARN_DIRECT_OBJC_ISA_USAGE = YES_ERROR;
				CLANG_WARN_DOCUMENTATION_COMMENTS = YES;
				CLANG_WARN_EMPTY_BODY = YES;
				CLANG_WARN_ENUM_CONVERSION = YES;
				CLANG_WARN_INFINITE_RECURSION = YES;
				CLANG_WARN_INT_CONVERSION = YES;
				CLANG_WARN_NON_LITERAL_NULL_CONVERSION = YES;
				CLANG_WARN_OBJC_IMPLICIT_RETAIN_SELF = YES;
				CLANG_WARN_OBJC_LITERAL_CONVERSION = YES;
				CLANG_WARN_OBJC_ROOT_CLASS = YES_ERROR;
				CLANG_WARN_RANGE_LOOP_ANALYSIS = YES;
				CLANG_WARN_STRICT_PROTOTYPES = YES;
				CLANG_WARN_SUSPICIOUS_MOVE = YES;
				CLANG_WARN_UNGUARDED_AVAILABILITY = YES_AGGRESSIVE;
				CLANG_WARN_UNREACHABLE_CODE = YES;
				CLANG_WARN__DUPLICATE_METHOD_MATCH = YES;
				COPY_PHASE_STRIP = NO;
				DEBUG_INFORMATION_FORMAT = dwarf;
				ENABLE_STRICT_OBJC_MSGSEND = YES;
				ENABLE_TESTABILITY = YES;
				GCC_C_LANGUAGE_STANDARD = gnu11;
				GCC_DYNAMIC_NO_PIC = NO;
				GCC_NO_COMMON_BLOCKS = YES;
				GCC_OPTIMIZATION_LEVEL = 0;
				GCC_PREPROCESSOR_DEFINITIONS = (
					"DEBUG=1",
					"$(inherited)",
				);
				GCC_WARN_64_TO_32_BIT_CONVERSION = YES;
				GCC_WARN_ABOUT_RETURN_TYPE = YES_ERROR;
				GCC_WARN_UNDECLARED_SELECTOR = YES;
				GCC_WARN_UNINITIALIZED_AUTOS = YES_AGGRESSIVE;
				GCC_WARN_UNUSED_FUNCTION = YES;
				GCC_WARN_UNUSED_VARIABLE = YES;
				IPHONEOS_DEPLOYMENT_TARGET = 13.4;
				MTL_ENABLE_DEBUG_INFO = INCLUDE_SOURCE;
				MTL_FAST_MATH = YES;
				ONLY_ACTIVE_ARCH = YES;
				SDKROOT = iphoneos;
				SWIFT_ACTIVE_COMPILATION_CONDITIONS = DEBUG;
				SWIFT_OPTIMIZATION_LEVEL = "-Onone";
			};
			name = Debug;
		};
		A646E7FE2457435E00FBA383 /* Release */ = {
			isa = XCBuildConfiguration;
			buildSettings = {
				ALWAYS_SEARCH_USER_PATHS = NO;
				CLANG_ANALYZER_NONNULL = YES;
				CLANG_ANALYZER_NUMBER_OBJECT_CONVERSION = YES_AGGRESSIVE;
				CLANG_CXX_LANGUAGE_STANDARD = "gnu++14";
				CLANG_CXX_LIBRARY = "libc++";
				CLANG_ENABLE_MODULES = YES;
				CLANG_ENABLE_OBJC_ARC = YES;
				CLANG_ENABLE_OBJC_WEAK = YES;
				CLANG_WARN_BLOCK_CAPTURE_AUTORELEASING = YES;
				CLANG_WARN_BOOL_CONVERSION = YES;
				CLANG_WARN_COMMA = YES;
				CLANG_WARN_CONSTANT_CONVERSION = YES;
				CLANG_WARN_DEPRECATED_OBJC_IMPLEMENTATIONS = YES;
				CLANG_WARN_DIRECT_OBJC_ISA_USAGE = YES_ERROR;
				CLANG_WARN_DOCUMENTATION_COMMENTS = YES;
				CLANG_WARN_EMPTY_BODY = YES;
				CLANG_WARN_ENUM_CONVERSION = YES;
				CLANG_WARN_INFINITE_RECURSION = YES;
				CLANG_WARN_INT_CONVERSION = YES;
				CLANG_WARN_NON_LITERAL_NULL_CONVERSION = YES;
				CLANG_WARN_OBJC_IMPLICIT_RETAIN_SELF = YES;
				CLANG_WARN_OBJC_LITERAL_CONVERSION = YES;
				CLANG_WARN_OBJC_ROOT_CLASS = YES_ERROR;
				CLANG_WARN_RANGE_LOOP_ANALYSIS = YES;
				CLANG_WARN_STRICT_PROTOTYPES = YES;
				CLANG_WARN_SUSPICIOUS_MOVE = YES;
				CLANG_WARN_UNGUARDED_AVAILABILITY = YES_AGGRESSIVE;
				CLANG_WARN_UNREACHABLE_CODE = YES;
				CLANG_WARN__DUPLICATE_METHOD_MATCH = YES;
				COPY_PHASE_STRIP = NO;
				DEBUG_INFORMATION_FORMAT = "dwarf-with-dsym";
				ENABLE_NS_ASSERTIONS = NO;
				ENABLE_STRICT_OBJC_MSGSEND = YES;
				GCC_C_LANGUAGE_STANDARD = gnu11;
				GCC_NO_COMMON_BLOCKS = YES;
				GCC_WARN_64_TO_32_BIT_CONVERSION = YES;
				GCC_WARN_ABOUT_RETURN_TYPE = YES_ERROR;
				GCC_WARN_UNDECLARED_SELECTOR = YES;
				GCC_WARN_UNINITIALIZED_AUTOS = YES_AGGRESSIVE;
				GCC_WARN_UNUSED_FUNCTION = YES;
				GCC_WARN_UNUSED_VARIABLE = YES;
				IPHONEOS_DEPLOYMENT_TARGET = 13.4;
				MTL_ENABLE_DEBUG_INFO = NO;
				MTL_FAST_MATH = YES;
				SDKROOT = iphoneos;
				SWIFT_COMPILATION_MODE = wholemodule;
				SWIFT_OPTIMIZATION_LEVEL = "-O";
				VALIDATE_PRODUCT = YES;
			};
			name = Release;
		};
		A646E8002457435E00FBA383 /* Debug */ = {
			isa = XCBuildConfiguration;
			baseConfigurationReference = 70FA6CB91F786235ABF41E44 /* Pods-VK_App.debug.xcconfig */;
			buildSettings = {
				ASSETCATALOG_COMPILER_APPICON_NAME = AppIcon;
				CODE_SIGN_STYLE = Automatic;
				DEVELOPMENT_TEAM = 3P67DZR7N3;
				INFOPLIST_FILE = VK_App/Info.plist;
				LD_RUNPATH_SEARCH_PATHS = (
					"$(inherited)",
					"@executable_path/Frameworks",
				);
				PRODUCT_BUNDLE_IDENTIFIER = "NikolayZhukov.VK-App";
				PRODUCT_NAME = "$(TARGET_NAME)";
				SWIFT_VERSION = 5.0;
				TARGETED_DEVICE_FAMILY = "1,2";
			};
			name = Debug;
		};
		A646E8012457435E00FBA383 /* Release */ = {
			isa = XCBuildConfiguration;
			baseConfigurationReference = 86D2C6743D14E5639DB0E516 /* Pods-VK_App.release.xcconfig */;
			buildSettings = {
				ASSETCATALOG_COMPILER_APPICON_NAME = AppIcon;
				CODE_SIGN_STYLE = Automatic;
				DEVELOPMENT_TEAM = 3P67DZR7N3;
				INFOPLIST_FILE = VK_App/Info.plist;
				LD_RUNPATH_SEARCH_PATHS = (
					"$(inherited)",
					"@executable_path/Frameworks",
				);
				PRODUCT_BUNDLE_IDENTIFIER = "NikolayZhukov.VK-App";
				PRODUCT_NAME = "$(TARGET_NAME)";
				SWIFT_VERSION = 5.0;
				TARGETED_DEVICE_FAMILY = "1,2";
			};
			name = Release;
		};
/* End XCBuildConfiguration section */

/* Begin XCConfigurationList section */
		A646E7E62457435C00FBA383 /* Build configuration list for PBXProject "VK_App" */ = {
			isa = XCConfigurationList;
			buildConfigurations = (
				A646E7FD2457435E00FBA383 /* Debug */,
				A646E7FE2457435E00FBA383 /* Release */,
			);
			defaultConfigurationIsVisible = 0;
			defaultConfigurationName = Release;
		};
		A646E7FF2457435E00FBA383 /* Build configuration list for PBXNativeTarget "VK_App" */ = {
			isa = XCConfigurationList;
			buildConfigurations = (
				A646E8002457435E00FBA383 /* Debug */,
				A646E8012457435E00FBA383 /* Release */,
			);
			defaultConfigurationIsVisible = 0;
			defaultConfigurationName = Release;
		};
/* End XCConfigurationList section */
	};
	rootObject = A646E7E32457435B00FBA383 /* Project object */;
}
